// !$*UTF8*$!
{
	archiveVersion = 1;
	classes = {
	};
	objectVersion = 50;
	objects = {

/* Begin PBXBuildFile section */
		EB67351823F24E6D002E37DC /* AppDelegate.swift in Sources */ = {isa = PBXBuildFile; fileRef = EB67351723F24E6D002E37DC /* AppDelegate.swift */; };
		EB67351A23F24E6D002E37DC /* SceneDelegate.swift in Sources */ = {isa = PBXBuildFile; fileRef = EB67351923F24E6D002E37DC /* SceneDelegate.swift */; };
		EB67351C23F24E6D002E37DC /* ViewController.swift in Sources */ = {isa = PBXBuildFile; fileRef = EB67351B23F24E6D002E37DC /* ViewController.swift */; };
		EB67351F23F24E6D002E37DC /* Main.storyboard in Resources */ = {isa = PBXBuildFile; fileRef = EB67351D23F24E6D002E37DC /* Main.storyboard */; };
		EB67352123F24E79002E37DC /* Assets.xcassets in Resources */ = {isa = PBXBuildFile; fileRef = EB67352023F24E79002E37DC /* Assets.xcassets */; };
		EB67352423F24E79002E37DC /* LaunchScreen.storyboard in Resources */ = {isa = PBXBuildFile; fileRef = EB67352223F24E79002E37DC /* LaunchScreen.storyboard */; };
		EB67352C23F25B73002E37DC /* HappyDaysCollectionViewController.swift in Sources */ = {isa = PBXBuildFile; fileRef = EB67352B23F25B73002E37DC /* HappyDaysCollectionViewController.swift */; };
		EB67352E23F25B9B002E37DC /* HappyCollectionViewCell.swift in Sources */ = {isa = PBXBuildFile; fileRef = EB67352D23F25B9B002E37DC /* HappyCollectionViewCell.swift */; };
/* End PBXBuildFile section */

/* Begin PBXFileReference section */
		EB67351423F24E6D002E37DC /* HappyDays.app */ = {isa = PBXFileReference; explicitFileType = wrapper.application; includeInIndex = 0; path = HappyDays.app; sourceTree = BUILT_PRODUCTS_DIR; };
		EB67351723F24E6D002E37DC /* AppDelegate.swift */ = {isa = PBXFileReference; lastKnownFileType = sourcecode.swift; path = AppDelegate.swift; sourceTree = "<group>"; };
		EB67351923F24E6D002E37DC /* SceneDelegate.swift */ = {isa = PBXFileReference; lastKnownFileType = sourcecode.swift; path = SceneDelegate.swift; sourceTree = "<group>"; };
		EB67351B23F24E6D002E37DC /* ViewController.swift */ = {isa = PBXFileReference; lastKnownFileType = sourcecode.swift; path = ViewController.swift; sourceTree = "<group>"; };
		EB67351E23F24E6D002E37DC /* Base */ = {isa = PBXFileReference; lastKnownFileType = file.storyboard; name = Base; path = Base.lproj/Main.storyboard; sourceTree = "<group>"; };
		EB67352023F24E79002E37DC /* Assets.xcassets */ = {isa = PBXFileReference; lastKnownFileType = folder.assetcatalog; path = Assets.xcassets; sourceTree = "<group>"; };
		EB67352323F24E79002E37DC /* Base */ = {isa = PBXFileReference; lastKnownFileType = file.storyboard; name = Base; path = Base.lproj/LaunchScreen.storyboard; sourceTree = "<group>"; };
		EB67352523F24E79002E37DC /* Info.plist */ = {isa = PBXFileReference; lastKnownFileType = text.plist.xml; path = Info.plist; sourceTree = "<group>"; };
		EB67352B23F25B73002E37DC /* HappyDaysCollectionViewController.swift */ = {isa = PBXFileReference; lastKnownFileType = sourcecode.swift; path = HappyDaysCollectionViewController.swift; sourceTree = "<group>"; };
		EB67352D23F25B9B002E37DC /* HappyCollectionViewCell.swift */ = {isa = PBXFileReference; lastKnownFileType = sourcecode.swift; path = HappyCollectionViewCell.swift; sourceTree = "<group>"; };
/* End PBXFileReference section */

/* Begin PBXFrameworksBuildPhase section */
		EB67351123F24E6D002E37DC /* Frameworks */ = {
			isa = PBXFrameworksBuildPhase;
			buildActionMask = 2147483647;
			files = (
			);
			runOnlyForDeploymentPostprocessing = 0;
		};
/* End PBXFrameworksBuildPhase section */

/* Begin PBXGroup section */
		EB67350B23F24E6C002E37DC = {
			isa = PBXGroup;
			children = (
				EB67351623F24E6D002E37DC /* HappyDays */,
				EB67351523F24E6D002E37DC /* Products */,
			);
			sourceTree = "<group>";
		};
		EB67351523F24E6D002E37DC /* Products */ = {
			isa = PBXGroup;
			children = (
				EB67351423F24E6D002E37DC /* HappyDays.app */,
			);
			name = Products;
			sourceTree = "<group>";
		};
		EB67351623F24E6D002E37DC /* HappyDays */ = {
			isa = PBXGroup;
			children = (
				EB67353223F26049002E37DC /* Model */,
				EB67353123F26021002E37DC /* View */,
				EB67353023F26007002E37DC /* Resource */,
				EB67352F23F25FC9002E37DC /* View Controllers */,
				EB67352523F24E79002E37DC /* Info.plist */,
			);
			path = HappyDays;
			sourceTree = "<group>";
		};
		EB67352F23F25FC9002E37DC /* View Controllers */ = {
			isa = PBXGroup;
			children = (
				EB67352B23F25B73002E37DC /* HappyDaysCollectionViewController.swift */,
				EB67351B23F24E6D002E37DC /* ViewController.swift */,
				EB67352D23F25B9B002E37DC /* HappyCollectionViewCell.swift */,
			);
			path = "View Controllers";
			sourceTree = "<group>";
		};
		EB67353023F26007002E37DC /* Resource */ = {
			isa = PBXGroup;
			children = (
				EB67352023F24E79002E37DC /* Assets.xcassets */,
				EB67351923F24E6D002E37DC /* SceneDelegate.swift */,
				EB67351723F24E6D002E37DC /* AppDelegate.swift */,
			);
			path = Resource;
			sourceTree = "<group>";
		};
		EB67353123F26021002E37DC /* View */ = {
			isa = PBXGroup;
			children = (
				EB67351D23F24E6D002E37DC /* Main.storyboard */,
				EB67352223F24E79002E37DC /* LaunchScreen.storyboard */,
			);
			path = View;
			sourceTree = "<group>";
		};
		EB67353223F26049002E37DC /* Model */ = {
			isa = PBXGroup;
			children = (
			);
			path = Model;
			sourceTree = "<group>";
		};
/* End PBXGroup section */

/* Begin PBXNativeTarget section */
		EB67351323F24E6D002E37DC /* HappyDays */ = {
			isa = PBXNativeTarget;
			buildConfigurationList = EB67352823F24E79002E37DC /* Build configuration list for PBXNativeTarget "HappyDays" */;
			buildPhases = (
				EB67351023F24E6D002E37DC /* Sources */,
				EB67351123F24E6D002E37DC /* Frameworks */,
				EB67351223F24E6D002E37DC /* Resources */,
			);
			buildRules = (
			);
			dependencies = (
			);
			name = HappyDays;
			productName = HappyDays;
			productReference = EB67351423F24E6D002E37DC /* HappyDays.app */;
			productType = "com.apple.product-type.application";
		};
/* End PBXNativeTarget section */

/* Begin PBXProject section */
		EB67350C23F24E6C002E37DC /* Project object */ = {
			isa = PBXProject;
			attributes = {
				LastSwiftUpdateCheck = 1130;
				LastUpgradeCheck = 1130;
				ORGANIZATIONNAME = "Iyin Raphael";
				TargetAttributes = {
					EB67351323F24E6D002E37DC = {
						CreatedOnToolsVersion = 11.3;
					};
				};
			};
			buildConfigurationList = EB67350F23F24E6C002E37DC /* Build configuration list for PBXProject "HappyDays" */;
			compatibilityVersion = "Xcode 9.3";
			developmentRegion = en;
			hasScannedForEncodings = 0;
			knownRegions = (
				en,
				Base,
			);
			mainGroup = EB67350B23F24E6C002E37DC;
			productRefGroup = EB67351523F24E6D002E37DC /* Products */;
			projectDirPath = "";
			projectRoot = "";
			targets = (
				EB67351323F24E6D002E37DC /* HappyDays */,
			);
		};
/* End PBXProject section */

/* Begin PBXResourcesBuildPhase section */
		EB67351223F24E6D002E37DC /* Resources */ = {
			isa = PBXResourcesBuildPhase;
			buildActionMask = 2147483647;
			files = (
				EB67352423F24E79002E37DC /* LaunchScreen.storyboard in Resources */,
				EB67352123F24E79002E37DC /* Assets.xcassets in Resources */,
				EB67351F23F24E6D002E37DC /* Main.storyboard in Resources */,
			);
			runOnlyForDeploymentPostprocessing = 0;
		};
/* End PBXResourcesBuildPhase section */

/* Begin PBXSourcesBuildPhase section */
		EB67351023F24E6D002E37DC /* Sources */ = {
			isa = PBXSourcesBuildPhase;
			buildActionMask = 2147483647;
			files = (
				EB67352C23F25B73002E37DC /* HappyDaysCollectionViewController.swift in Sources */,
				EB67351C23F24E6D002E37DC /* ViewController.swift in Sources */,
				EB67352E23F25B9B002E37DC /* HappyCollectionViewCell.swift in Sources */,
				EB67351823F24E6D002E37DC /* AppDelegate.swift in Sources */,
				EB67351A23F24E6D002E37DC /* SceneDelegate.swift in Sources */,
			);
			runOnlyForDeploymentPostprocessing = 0;
		};
/* End PBXSourcesBuildPhase section */

/* Begin PBXVariantGroup section */
		EB67351D23F24E6D002E37DC /* Main.storyboard */ = {
			isa = PBXVariantGroup;
			children = (
				EB67351E23F24E6D002E37DC /* Base */,
			);
			name = Main.storyboard;
			sourceTree = "<group>";
		};
		EB67352223F24E79002E37DC /* LaunchScreen.storyboard */ = {
			isa = PBXVariantGroup;
			children = (
				EB67352323F24E79002E37DC /* Base */,
			);
			name = LaunchScreen.storyboard;
			sourceTree = "<group>";
		};
/* End PBXVariantGroup section */

/* Begin XCBuildConfiguration section */
		EB67352623F24E79002E37DC /* Debug */ = {
			isa = XCBuildConfiguration;
			buildSettings = {
				ALWAYS_SEARCH_USER_PATHS = NO;
				CLANG_ANALYZER_NONNULL = YES;
				CLANG_ANALYZER_NUMBER_OBJECT_CONVERSION = YES_AGGRESSIVE;
				CLANG_CXX_LANGUAGE_STANDARD = "gnu++14";
				CLANG_CXX_LIBRARY = "libc++";
				CLANG_ENABLE_MODULES = YES;
				CLANG_ENABLE_OBJC_ARC = YES;
				CLANG_ENABLE_OBJC_WEAK = YES;
				CLANG_WARN_BLOCK_CAPTURE_AUTORELEASING = YES;
				CLANG_WARN_BOOL_CONVERSION = YES;
				CLANG_WARN_COMMA = YES;
				CLANG_WARN_CONSTANT_CONVERSION = YES;
				CLANG_WARN_DEPRECATED_OBJC_IMPLEMENTATIONS = YES;
				CLANG_WARN_DIRECT_OBJC_ISA_USAGE = YES_ERROR;
				CLANG_WARN_DOCUMENTATION_COMMENTS = YES;
				CLANG_WARN_EMPTY_BODY = YES;
				CLANG_WARN_ENUM_CONVERSION = YES;
				CLANG_WARN_INFINITE_RECURSION = YES;
				CLANG_WARN_INT_CONVERSION = YES;
				CLANG_WARN_NON_LITERAL_NULL_CONVERSION = YES;
				CLANG_WARN_OBJC_IMPLICIT_RETAIN_SELF = YES;
				CLANG_WARN_OBJC_LITERAL_CONVERSION = YES;
				CLANG_WARN_OBJC_ROOT_CLASS = YES_ERROR;
				CLANG_WARN_RANGE_LOOP_ANALYSIS = YES;
				CLANG_WARN_STRICT_PROTOTYPES = YES;
				CLANG_WARN_SUSPICIOUS_MOVE = YES;
				CLANG_WARN_UNGUARDED_AVAILABILITY = YES_AGGRESSIVE;
				CLANG_WARN_UNREACHABLE_CODE = YES;
				CLANG_WARN__DUPLICATE_METHOD_MATCH = YES;
				COPY_PHASE_STRIP = NO;
				DEBUG_INFORMATION_FORMAT = dwarf;
				ENABLE_STRICT_OBJC_MSGSEND = YES;
				ENABLE_TESTABILITY = YES;
				GCC_C_LANGUAGE_STANDARD = gnu11;
				GCC_DYNAMIC_NO_PIC = NO;
				GCC_NO_COMMON_BLOCKS = YES;
				GCC_OPTIMIZATION_LEVEL = 0;
				GCC_PREPROCESSOR_DEFINITIONS = (
					"DEBUG=1",
					"$(inherited)",
				);
				GCC_WARN_64_TO_32_BIT_CONVERSION = YES;
				GCC_WARN_ABOUT_RETURN_TYPE = YES_ERROR;
				GCC_WARN_UNDECLARED_SELECTOR = YES;
				GCC_WARN_UNINITIALIZED_AUTOS = YES_AGGRESSIVE;
				GCC_WARN_UNUSED_FUNCTION = YES;
				GCC_WARN_UNUSED_VARIABLE = YES;
				IPHONEOS_DEPLOYMENT_TARGET = 13.2;
				MTL_ENABLE_DEBUG_INFO = INCLUDE_SOURCE;
				MTL_FAST_MATH = YES;
				ONLY_ACTIVE_ARCH = YES;
				SDKROOT = iphoneos;
				SWIFT_ACTIVE_COMPILATION_CONDITIONS = DEBUG;
				SWIFT_OPTIMIZATION_LEVEL = "-Onone";
			};
			name = Debug;
		};
		EB67352723F24E79002E37DC /* Release */ = {
			isa = XCBuildConfiguration;
			buildSettings = {
				ALWAYS_SEARCH_USER_PATHS = NO;
				CLANG_ANALYZER_NONNULL = YES;
				CLANG_ANALYZER_NUMBER_OBJECT_CONVERSION = YES_AGGRESSIVE;
				CLANG_CXX_LANGUAGE_STANDARD = "gnu++14";
				CLANG_CXX_LIBRARY = "libc++";
				CLANG_ENABLE_MODULES = YES;
				CLANG_ENABLE_OBJC_ARC = YES;
				CLANG_ENABLE_OBJC_WEAK = YES;
				CLANG_WARN_BLOCK_CAPTURE_AUTORELEASING = YES;
				CLANG_WARN_BOOL_CONVERSION = YES;
				CLANG_WARN_COMMA = YES;
				CLANG_WARN_CONSTANT_CONVERSION = YES;
				CLANG_WARN_DEPRECATED_OBJC_IMPLEMENTATIONS = YES;
				CLANG_WARN_DIRECT_OBJC_ISA_USAGE = YES_ERROR;
				CLANG_WARN_DOCUMENTATION_COMMENTS = YES;
				CLANG_WARN_EMPTY_BODY = YES;
				CLANG_WARN_ENUM_CONVERSION = YES;
				CLANG_WARN_INFINITE_RECURSION = YES;
				CLANG_WARN_INT_CONVERSION = YES;
				CLANG_WARN_NON_LITERAL_NULL_CONVERSION = YES;
				CLANG_WARN_OBJC_IMPLICIT_RETAIN_SELF = YES;
				CLANG_WARN_OBJC_LITERAL_CONVERSION = YES;
				CLANG_WARN_OBJC_ROOT_CLASS = YES_ERROR;
				CLANG_WARN_RANGE_LOOP_ANALYSIS = YES;
				CLANG_WARN_STRICT_PROTOTYPES = YES;
				CLANG_WARN_SUSPICIOUS_MOVE = YES;
				CLANG_WARN_UNGUARDED_AVAILABILITY = YES_AGGRESSIVE;
				CLANG_WARN_UNREACHABLE_CODE = YES;
				CLANG_WARN__DUPLICATE_METHOD_MATCH = YES;
				COPY_PHASE_STRIP = NO;
				DEBUG_INFORMATION_FORMAT = "dwarf-with-dsym";
				ENABLE_NS_ASSERTIONS = NO;
				ENABLE_STRICT_OBJC_MSGSEND = YES;
				GCC_C_LANGUAGE_STANDARD = gnu11;
				GCC_NO_COMMON_BLOCKS = YES;
				GCC_WARN_64_TO_32_BIT_CONVERSION = YES;
				GCC_WARN_ABOUT_RETURN_TYPE = YES_ERROR;
				GCC_WARN_UNDECLARED_SELECTOR = YES;
				GCC_WARN_UNINITIALIZED_AUTOS = YES_AGGRESSIVE;
				GCC_WARN_UNUSED_FUNCTION = YES;
				GCC_WARN_UNUSED_VARIABLE = YES;
				IPHONEOS_DEPLOYMENT_TARGET = 13.2;
				MTL_ENABLE_DEBUG_INFO = NO;
				MTL_FAST_MATH = YES;
				SDKROOT = iphoneos;
				SWIFT_COMPILATION_MODE = wholemodule;
				SWIFT_OPTIMIZATION_LEVEL = "-O";
				VALIDATE_PRODUCT = YES;
			};
			name = Release;
		};
		EB67352923F24E79002E37DC /* Debug */ = {
			isa = XCBuildConfiguration;
			buildSettings = {
				ASSETCATALOG_COMPILER_APPICON_NAME = AppIcon;
				CODE_SIGN_STYLE = Automatic;
				INFOPLIST_FILE = HappyDays/Info.plist;
				LD_RUNPATH_SEARCH_PATHS = (
					"$(inherited)",
					"@executable_path/Frameworks",
				);
				PRODUCT_BUNDLE_IDENTIFIER = com.iyinraphael.HappyDays;
				PRODUCT_NAME = "$(TARGET_NAME)";
				SWIFT_VERSION = 5.0;
				TARGETED_DEVICE_FAMILY = "1,2";
			};
			name = Debug;
		};
		EB67352A23F24E79002E37DC /* Release */ = {
			isa = XCBuildConfiguration;
			buildSettings = {
				ASSETCATALOG_COMPILER_APPICON_NAME = AppIcon;
				CODE_SIGN_STYLE = Automatic;
				INFOPLIST_FILE = HappyDays/Info.plist;
				LD_RUNPATH_SEARCH_PATHS = (
					"$(inherited)",
					"@executable_path/Frameworks",
				);
				PRODUCT_BUNDLE_IDENTIFIER = com.iyinraphael.HappyDays;
				PRODUCT_NAME = "$(TARGET_NAME)";
				SWIFT_VERSION = 5.0;
				TARGETED_DEVICE_FAMILY = "1,2";
			};
			name = Release;
		};
/* End XCBuildConfiguration section */

/* Begin XCConfigurationList section */
		EB67350F23F24E6C002E37DC /* Build configuration list for PBXProject "HappyDays" */ = {
			isa = XCConfigurationList;
			buildConfigurations = (
				EB67352623F24E79002E37DC /* Debug */,
				EB67352723F24E79002E37DC /* Release */,
			);
			defaultConfigurationIsVisible = 0;
			defaultConfigurationName = Release;
		};
		EB67352823F24E79002E37DC /* Build configuration list for PBXNativeTarget "HappyDays" */ = {
			isa = XCConfigurationList;
			buildConfigurations = (
				EB67352923F24E79002E37DC /* Debug */,
				EB67352A23F24E79002E37DC /* Release */,
			);
			defaultConfigurationIsVisible = 0;
			defaultConfigurationName = Release;
		};
/* End XCConfigurationList section */
	};
	rootObject = EB67350C23F24E6C002E37DC /* Project object */;
}
